<Solution>
  <Project Path="src/HealthTracking.AppHost/HealthTracking.AppHost.csproj" />
  <Project Path="src/HealthTracking.ServiceDefaults/HealthTracking.ServiceDefaults.csproj" />
  <Project Path="src/HealthTracking.Api/HealthTracking.Api.csproj" />
  <Project Path="tests/HealthTracking.Api.Tests/HealthTracking.Api.Tests.csproj" Id="9dd36217-d152-483d-b6d1-b4e46a8d8c14" />
</Solution>
